
Microsoft Visual Studio Solution File, Format Version 12.00
# Visual Studio Version 17
VisualStudioVersion = 17.10.35013.160
MinimumVisualStudioVersion = 10.0.40219.1
Project("{FAE04EC0-301F-11D3-BF4B-00C04F79EFBC}") = "Employee_MVCApp", "Employee_MVCApp\Employee_MVCApp.csproj", "{8F9FAFE9-1F62-4FFC-8384-5D0D508CA05A}"
EndProject
Project("{FAE04EC0-301F-11D3-BF4B-00C04F79EFBC}") = "Employee_MVCApp.DataAccess", "Employee_MVCApp.DataAccess\Employee_MVCApp.DataAccess.csproj", "{66639660-C767-4E2C-9ADE-AD8D26FA174A}"
EndProject
Project("{FAE04EC0-301F-11D3-BF4B-00C04F79EFBC}") = "Employee_MVCApp.Processing", "Employee_MVCApp.Processing\Employee_MVCApp.Processing.csproj", "{3799C9FA-AFA6-4639-A20F-290E4AA89665}"
EndProject
Global
	GlobalSection(SolutionConfigurationPlatforms) = preSolution
		Debug|Any CPU = Debug|Any CPU
		Release|Any CPU = Release|Any CPU
	EndGlobalSection
	GlobalSection(ProjectConfigurationPlatforms) = postSolution
		{8F9FAFE9-1F62-4FFC-8384-5D0D508CA05A}.Debug|Any CPU.ActiveCfg = Debug|Any CPU
		{8F9FAFE9-1F62-4FFC-8384-5D0D508CA05A}.Debug|Any CPU.Build.0 = Debug|Any CPU
		{8F9FAFE9-1F62-4FFC-8384-5D0D508CA05A}.Release|Any CPU.ActiveCfg = Release|Any CPU
		{8F9FAFE9-1F62-4FFC-8384-5D0D508CA05A}.Release|Any CPU.Build.0 = Release|Any CPU
		{66639660-C767-4E2C-9ADE-AD8D26FA174A}.Debug|Any CPU.ActiveCfg = Debug|Any CPU
		{66639660-C767-4E2C-9ADE-AD8D26FA174A}.Debug|Any CPU.Build.0 = Debug|Any CPU
		{66639660-C767-4E2C-9ADE-AD8D26FA174A}.Release|Any CPU.ActiveCfg = Release|Any CPU
		{66639660-C767-4E2C-9ADE-AD8D26FA174A}.Release|Any CPU.Build.0 = Release|Any CPU
		{3799C9FA-AFA6-4639-A20F-290E4AA89665}.Debug|Any CPU.ActiveCfg = Debug|Any CPU
		{3799C9FA-AFA6-4639-A20F-290E4AA89665}.Debug|Any CPU.Build.0 = Debug|Any CPU
		{3799C9FA-AFA6-4639-A20F-290E4AA89665}.Release|Any CPU.ActiveCfg = Release|Any CPU
		{3799C9FA-AFA6-4639-A20F-290E4AA89665}.Release|Any CPU.Build.0 = Release|Any CPU
	EndGlobalSection
	GlobalSection(SolutionProperties) = preSolution
		HideSolutionNode = FALSE
	EndGlobalSection
	GlobalSection(ExtensibilityGlobals) = postSolution
		SolutionGuid = {1369096B-A9C8-4547-8E47-8A1882041940}
	EndGlobalSection
EndGlobal
